
Microsoft Visual Studio Solution File, Format Version 12.00
# Visual Studio Version 17
VisualStudioVersion = 17.1.32210.238
MinimumVisualStudioVersion = 10.0.40219.1
Project("{FAE04EC0-301F-11D3-BF4B-00C04F79EFBC}") = "AtividadePratica", "AtividadePratica\AtividadePratica.csproj", "{2815AEC4-3BD8-42E3-A405-972C7D1A4E8D}"
EndProject
Global
	GlobalSection(SolutionConfigurationPlatforms) = preSolution
		Debug|Any CPU = Debug|Any CPU
		Release|Any CPU = Release|Any CPU
	EndGlobalSection
	GlobalSection(ProjectConfigurationPlatforms) = postSolution
		{2815AEC4-3BD8-42E3-A405-972C7D1A4E8D}.Debug|Any CPU.ActiveCfg = Debug|Any CPU
		{2815AEC4-3BD8-42E3-A405-972C7D1A4E8D}.Debug|Any CPU.Build.0 = Debug|Any CPU
		{2815AEC4-3BD8-42E3-A405-972C7D1A4E8D}.Release|Any CPU.ActiveCfg = Release|Any CPU
		{2815AEC4-3BD8-42E3-A405-972C7D1A4E8D}.Release|Any CPU.Build.0 = Release|Any CPU
	EndGlobalSection
	GlobalSection(SolutionProperties) = preSolution
		HideSolutionNode = FALSE
	EndGlobalSection
	GlobalSection(ExtensibilityGlobals) = postSolution
		SolutionGuid = {664B1881-BD61-4C80-AE9D-4E92FB6C4B11}
	EndGlobalSection
EndGlobal
